
Microsoft Visual Studio Solution File, Format Version 12.00
# Visual Studio 15
VisualStudioVersion = 15.0.28010.2048
MinimumVisualStudioVersion = 10.0.40219.1
Project("{FAE04EC0-301F-11D3-BF4B-00C04F79EFBC}") = "RouterBrute", "RouterBrute\RouterBrute.csproj", "{96CD3E78-05B1-44F1-9F72-3DDF9194FA0C}"
EndProject
Global
	GlobalSection(SolutionConfigurationPlatforms) = preSolution
		Debug|Any CPU = Debug|Any CPU
		Release|Any CPU = Release|Any CPU
	EndGlobalSection
	GlobalSection(ProjectConfigurationPlatforms) = postSolution
		{96CD3E78-05B1-44F1-9F72-3DDF9194FA0C}.Debug|Any CPU.ActiveCfg = Debug|Any CPU
		{96CD3E78-05B1-44F1-9F72-3DDF9194FA0C}.Debug|Any CPU.Build.0 = Debug|Any CPU
		{96CD3E78-05B1-44F1-9F72-3DDF9194FA0C}.Release|Any CPU.ActiveCfg = Release|Any CPU
		{96CD3E78-05B1-44F1-9F72-3DDF9194FA0C}.Release|Any CPU.Build.0 = Release|Any CPU
	EndGlobalSection
	GlobalSection(SolutionProperties) = preSolution
		HideSolutionNode = FALSE
	EndGlobalSection
	GlobalSection(ExtensibilityGlobals) = postSolution
		SolutionGuid = {1CCF0D3C-0977-4197-9C27-6B67C72B2305}
	EndGlobalSection
EndGlobal
